
Microsoft Visual Studio Solution File, Format Version 10.00
# Visual Studio 2008
Project("{FAE04EC0-301F-11D3-BF4B-00C04F79EFBC}") = "TerritoriesManagement", "TerritoriesManagement\TerritoriesManagement.csproj", "{2AF8144A-682F-4B8E-A3CF-4FD77816AD78}"
EndProject
Project("{FAE04EC0-301F-11D3-BF4B-00C04F79EFBC}") = "TerritoriesManagement.GUI", "TerritoriesManagement.GUI\TerritoriesManagement.GUI.csproj", "{C11B3B79-AD1B-46F6-8404-1B580E454972}"
EndProject
Project("{FAE04EC0-301F-11D3-BF4B-00C04F79EFBC}") = "TestConsole", "TestConsole\TestConsole.csproj", "{E9F1E402-0DC6-42B2-A147-26474C913BEA}"
EndProject
Project("{FAE04EC0-301F-11D3-BF4B-00C04F79EFBC}") = "AltosTools", "..\zeqktools\AltosTools\AltosTools.csproj", "{CFC9DC5B-B9FD-4B73-B3C5-8159EC8ADFC7}"
EndProject
Project("{FAE04EC0-301F-11D3-BF4B-00C04F79EFBC}") = "AltosTools.WindowsForms", "..\zeqktools\AltosTools.WindowsForms\AltosTools.WindowsForms.csproj", "{10B0ABBC-894E-4890-8988-18C4BA8A05BE}"
EndProject
Global
	GlobalSection(SolutionConfigurationPlatforms) = preSolution
		Debug|Any CPU = Debug|Any CPU
		Debug|x64 = Debug|x64
		Debug|x86 = Debug|x86
		Release|Any CPU = Release|Any CPU
		Release|x64 = Release|x64
		Release|x86 = Release|x86
		x86 CPU|Any CPU = x86 CPU|Any CPU
		x86 CPU|x64 = x86 CPU|x64
		x86 CPU|x86 = x86 CPU|x86
	EndGlobalSection
	GlobalSection(ProjectConfigurationPlatforms) = postSolution
		{2AF8144A-682F-4B8E-A3CF-4FD77816AD78}.Debug|Any CPU.ActiveCfg = Debug|Any CPU
		{2AF8144A-682F-4B8E-A3CF-4FD77816AD78}.Debug|Any CPU.Build.0 = Debug|Any CPU
		{2AF8144A-682F-4B8E-A3CF-4FD77816AD78}.Debug|x64.ActiveCfg = Debug|x64
		{2AF8144A-682F-4B8E-A3CF-4FD77816AD78}.Debug|x64.Build.0 = Debug|x64
		{2AF8144A-682F-4B8E-A3CF-4FD77816AD78}.Debug|x86.ActiveCfg = Debug|x86
		{2AF8144A-682F-4B8E-A3CF-4FD77816AD78}.Debug|x86.Build.0 = Debug|x86
		{2AF8144A-682F-4B8E-A3CF-4FD77816AD78}.Release|Any CPU.ActiveCfg = Release|Any CPU
		{2AF8144A-682F-4B8E-A3CF-4FD77816AD78}.Release|Any CPU.Build.0 = Release|Any CPU
		{2AF8144A-682F-4B8E-A3CF-4FD77816AD78}.Release|x64.ActiveCfg = Release|x64
		{2AF8144A-682F-4B8E-A3CF-4FD77816AD78}.Release|x64.Build.0 = Release|x64
		{2AF8144A-682F-4B8E-A3CF-4FD77816AD78}.Release|x86.ActiveCfg = Release|x86
		{2AF8144A-682F-4B8E-A3CF-4FD77816AD78}.Release|x86.Build.0 = Release|x86
		{2AF8144A-682F-4B8E-A3CF-4FD77816AD78}.x86 CPU|Any CPU.ActiveCfg = x86 CPU|Any CPU
		{2AF8144A-682F-4B8E-A3CF-4FD77816AD78}.x86 CPU|Any CPU.Build.0 = x86 CPU|Any CPU
		{2AF8144A-682F-4B8E-A3CF-4FD77816AD78}.x86 CPU|x64.ActiveCfg = x86 CPU|x64
		{2AF8144A-682F-4B8E-A3CF-4FD77816AD78}.x86 CPU|x64.Build.0 = x86 CPU|x64
		{2AF8144A-682F-4B8E-A3CF-4FD77816AD78}.x86 CPU|x86.ActiveCfg = x86 CPU|x86
		{2AF8144A-682F-4B8E-A3CF-4FD77816AD78}.x86 CPU|x86.Build.0 = x86 CPU|x86
		{C11B3B79-AD1B-46F6-8404-1B580E454972}.Debug|Any CPU.ActiveCfg = Debug|Any CPU
		{C11B3B79-AD1B-46F6-8404-1B580E454972}.Debug|Any CPU.Build.0 = Debug|Any CPU
		{C11B3B79-AD1B-46F6-8404-1B580E454972}.Debug|x64.ActiveCfg = Debug|x64
		{C11B3B79-AD1B-46F6-8404-1B580E454972}.Debug|x64.Build.0 = Debug|x64
		{C11B3B79-AD1B-46F6-8404-1B580E454972}.Debug|x86.ActiveCfg = Debug|x86
		{C11B3B79-AD1B-46F6-8404-1B580E454972}.Debug|x86.Build.0 = Debug|x86
		{C11B3B79-AD1B-46F6-8404-1B580E454972}.Release|Any CPU.ActiveCfg = Release|Any CPU
		{C11B3B79-AD1B-46F6-8404-1B580E454972}.Release|Any CPU.Build.0 = Release|Any CPU
		{C11B3B79-AD1B-46F6-8404-1B580E454972}.Release|x64.ActiveCfg = Release|x64
		{C11B3B79-AD1B-46F6-8404-1B580E454972}.Release|x64.Build.0 = Release|x64
		{C11B3B79-AD1B-46F6-8404-1B580E454972}.Release|x86.ActiveCfg = Release|x86
		{C11B3B79-AD1B-46F6-8404-1B580E454972}.Release|x86.Build.0 = Release|x86
		{C11B3B79-AD1B-46F6-8404-1B580E454972}.x86 CPU|Any CPU.ActiveCfg = x86 CPU|Any CPU
		{C11B3B79-AD1B-46F6-8404-1B580E454972}.x86 CPU|Any CPU.Build.0 = x86 CPU|Any CPU
		{C11B3B79-AD1B-46F6-8404-1B580E454972}.x86 CPU|x64.ActiveCfg = x86 CPU|x64
		{C11B3B79-AD1B-46F6-8404-1B580E454972}.x86 CPU|x64.Build.0 = x86 CPU|x64
		{C11B3B79-AD1B-46F6-8404-1B580E454972}.x86 CPU|x86.ActiveCfg = x86 CPU|x86
		{C11B3B79-AD1B-46F6-8404-1B580E454972}.x86 CPU|x86.Build.0 = x86 CPU|x86
		{E9F1E402-0DC6-42B2-A147-26474C913BEA}.Debug|Any CPU.ActiveCfg = Debug|Any CPU
		{E9F1E402-0DC6-42B2-A147-26474C913BEA}.Debug|Any CPU.Build.0 = Debug|Any CPU
		{E9F1E402-0DC6-42B2-A147-26474C913BEA}.Debug|x64.ActiveCfg = Debug|x64
		{E9F1E402-0DC6-42B2-A147-26474C913BEA}.Debug|x64.Build.0 = Debug|x64
		{E9F1E402-0DC6-42B2-A147-26474C913BEA}.Debug|x86.ActiveCfg = Debug|x86
		{E9F1E402-0DC6-42B2-A147-26474C913BEA}.Debug|x86.Build.0 = Debug|x86
		{E9F1E402-0DC6-42B2-A147-26474C913BEA}.Release|Any CPU.ActiveCfg = Release|Any CPU
		{E9F1E402-0DC6-42B2-A147-26474C913BEA}.Release|Any CPU.Build.0 = Release|Any CPU
		{E9F1E402-0DC6-42B2-A147-26474C913BEA}.Release|x64.ActiveCfg = Release|x64
		{E9F1E402-0DC6-42B2-A147-26474C913BEA}.Release|x64.Build.0 = Release|x64
		{E9F1E402-0DC6-42B2-A147-26474C913BEA}.Release|x86.ActiveCfg = Release|x86
		{E9F1E402-0DC6-42B2-A147-26474C913BEA}.Release|x86.Build.0 = Release|x86
		{E9F1E402-0DC6-42B2-A147-26474C913BEA}.x86 CPU|Any CPU.ActiveCfg = Release|x86
		{E9F1E402-0DC6-42B2-A147-26474C913BEA}.x86 CPU|x64.ActiveCfg = Release|x86
		{E9F1E402-0DC6-42B2-A147-26474C913BEA}.x86 CPU|x86.ActiveCfg = Release|x86
		{CFC9DC5B-B9FD-4B73-B3C5-8159EC8ADFC7}.Debug|Any CPU.ActiveCfg = Debug|Any CPU
		{CFC9DC5B-B9FD-4B73-B3C5-8159EC8ADFC7}.Debug|Any CPU.Build.0 = Debug|Any CPU
		{CFC9DC5B-B9FD-4B73-B3C5-8159EC8ADFC7}.Debug|x64.ActiveCfg = Debug|x86
		{CFC9DC5B-B9FD-4B73-B3C5-8159EC8ADFC7}.Debug|x86.ActiveCfg = Debug|x86
		{CFC9DC5B-B9FD-4B73-B3C5-8159EC8ADFC7}.Debug|x86.Build.0 = Debug|x86
		{CFC9DC5B-B9FD-4B73-B3C5-8159EC8ADFC7}.Release|Any CPU.ActiveCfg = Release|Any CPU
		{CFC9DC5B-B9FD-4B73-B3C5-8159EC8ADFC7}.Release|Any CPU.Build.0 = Release|Any CPU
		{CFC9DC5B-B9FD-4B73-B3C5-8159EC8ADFC7}.Release|x64.ActiveCfg = Release|x86
		{CFC9DC5B-B9FD-4B73-B3C5-8159EC8ADFC7}.Release|x86.ActiveCfg = Release|x86
		{CFC9DC5B-B9FD-4B73-B3C5-8159EC8ADFC7}.Release|x86.Build.0 = Release|x86
		{CFC9DC5B-B9FD-4B73-B3C5-8159EC8ADFC7}.x86 CPU|Any CPU.ActiveCfg = Release|x86
		{CFC9DC5B-B9FD-4B73-B3C5-8159EC8ADFC7}.x86 CPU|x64.ActiveCfg = Release|x86
		{CFC9DC5B-B9FD-4B73-B3C5-8159EC8ADFC7}.x86 CPU|x86.ActiveCfg = Release|x86
		{CFC9DC5B-B9FD-4B73-B3C5-8159EC8ADFC7}.x86 CPU|x86.Build.0 = Release|x86
		{10B0ABBC-894E-4890-8988-18C4BA8A05BE}.Debug|Any CPU.ActiveCfg = Debug|Any CPU
		{10B0ABBC-894E-4890-8988-18C4BA8A05BE}.Debug|Any CPU.Build.0 = Debug|Any CPU
		{10B0ABBC-894E-4890-8988-18C4BA8A05BE}.Debug|x64.ActiveCfg = Debug|x86
		{10B0ABBC-894E-4890-8988-18C4BA8A05BE}.Debug|x86.ActiveCfg = Debug|x86
		{10B0ABBC-894E-4890-8988-18C4BA8A05BE}.Debug|x86.Build.0 = Debug|x86
		{10B0ABBC-894E-4890-8988-18C4BA8A05BE}.Release|Any CPU.ActiveCfg = Release|Any CPU
		{10B0ABBC-894E-4890-8988-18C4BA8A05BE}.Release|Any CPU.Build.0 = Release|Any CPU
		{10B0ABBC-894E-4890-8988-18C4BA8A05BE}.Release|x64.ActiveCfg = Release|x86
		{10B0ABBC-894E-4890-8988-18C4BA8A05BE}.Release|x86.ActiveCfg = Release|x86
		{10B0ABBC-894E-4890-8988-18C4BA8A05BE}.Release|x86.Build.0 = Release|x86
		{10B0ABBC-894E-4890-8988-18C4BA8A05BE}.x86 CPU|Any CPU.ActiveCfg = x86 CPU|Any CPU
		{10B0ABBC-894E-4890-8988-18C4BA8A05BE}.x86 CPU|Any CPU.Build.0 = x86 CPU|Any CPU
		{10B0ABBC-894E-4890-8988-18C4BA8A05BE}.x86 CPU|x64.ActiveCfg = x86 CPU|x86
		{10B0ABBC-894E-4890-8988-18C4BA8A05BE}.x86 CPU|x86.ActiveCfg = x86 CPU|x86
		{10B0ABBC-894E-4890-8988-18C4BA8A05BE}.x86 CPU|x86.Build.0 = x86 CPU|x86
	EndGlobalSection
	GlobalSection(SolutionProperties) = preSolution
		HideSolutionNode = FALSE
	EndGlobalSection
EndGlobal
